// !$*UTF8*$!
{
	archiveVersion = 1;
	classes = {
	};
	objectVersion = 56;
	objects = {

/* Begin PBXBuildFile section */
		26C3129A2B4AFDC3006C6EC5 /* AppDelegate.swift in Sources */ = {isa = PBXBuildFile; fileRef = 26C312992B4AFDC3006C6EC5 /* AppDelegate.swift */; };
		26C3129C2B4AFDC3006C6EC5 /* SceneDelegate.swift in Sources */ = {isa = PBXBuildFile; fileRef = 26C3129B2B4AFDC3006C6EC5 /* SceneDelegate.swift */; };
		26C3129E2B4AFDC3006C6EC5 /* TokenizerViewController.swift in Sources */ = {isa = PBXBuildFile; fileRef = 26C3129D2B4AFDC3006C6EC5 /* TokenizerViewController.swift */; };
		26C312A12B4AFDC3006C6EC5 /* Main.storyboard in Resources */ = {isa = PBXBuildFile; fileRef = 26C3129F2B4AFDC3006C6EC5 /* Main.storyboard */; };
		26C312A32B4AFDC4006C6EC5 /* Assets.xcassets in Resources */ = {isa = PBXBuildFile; fileRef = 26C312A22B4AFDC4006C6EC5 /* Assets.xcassets */; };
		26C312A62B4AFDC4006C6EC5 /* LaunchScreen.storyboard in Resources */ = {isa = PBXBuildFile; fileRef = 26C312A42B4AFDC4006C6EC5 /* LaunchScreen.storyboard */; };
		26C312B92B4B02FB006C6EC5 /* UINib+Extension.swift in Sources */ = {isa = PBXBuildFile; fileRef = 26C312B82B4B02FB006C6EC5 /* UINib+Extension.swift */; };
		26C312BB2B4B038F006C6EC5 /* TokenizerViewModel.swift in Sources */ = {isa = PBXBuildFile; fileRef = 26C312BA2B4B038F006C6EC5 /* TokenizerViewModel.swift */; };
		26C312BE2B4B03E7006C6EC5 /* BaseViewController.swift in Sources */ = {isa = PBXBuildFile; fileRef = 26C312BD2B4B03E7006C6EC5 /* BaseViewController.swift */; };
		26C312C02B4B03FF006C6EC5 /* BaseViewModel.swift in Sources */ = {isa = PBXBuildFile; fileRef = 26C312BF2B4B03FF006C6EC5 /* BaseViewModel.swift */; };
		26C312C32B4B09E5006C6EC5 /* ReactiveTextField.swift in Sources */ = {isa = PBXBuildFile; fileRef = 26C312C22B4B09E5006C6EC5 /* ReactiveTextField.swift */; };
/* End PBXBuildFile section */

/* Begin PBXFileReference section */
		26C312962B4AFDC3006C6EC5 /* TokenizerTest App.app */ = {isa = PBXFileReference; explicitFileType = wrapper.application; includeInIndex = 0; path = "TokenizerTest App.app"; sourceTree = BUILT_PRODUCTS_DIR; };
		26C312992B4AFDC3006C6EC5 /* AppDelegate.swift */ = {isa = PBXFileReference; lastKnownFileType = sourcecode.swift; path = AppDelegate.swift; sourceTree = "<group>"; };
		26C3129B2B4AFDC3006C6EC5 /* SceneDelegate.swift */ = {isa = PBXFileReference; lastKnownFileType = sourcecode.swift; path = SceneDelegate.swift; sourceTree = "<group>"; };
		26C3129D2B4AFDC3006C6EC5 /* TokenizerViewController.swift */ = {isa = PBXFileReference; lastKnownFileType = sourcecode.swift; path = TokenizerViewController.swift; sourceTree = "<group>"; };
		26C312A02B4AFDC3006C6EC5 /* Base */ = {isa = PBXFileReference; lastKnownFileType = file.storyboard; name = Base; path = Base.lproj/Main.storyboard; sourceTree = "<group>"; };
		26C312A22B4AFDC4006C6EC5 /* Assets.xcassets */ = {isa = PBXFileReference; lastKnownFileType = folder.assetcatalog; path = Assets.xcassets; sourceTree = "<group>"; };
		26C312A52B4AFDC4006C6EC5 /* Base */ = {isa = PBXFileReference; lastKnownFileType = file.storyboard; name = Base; path = Base.lproj/LaunchScreen.storyboard; sourceTree = "<group>"; };
		26C312A72B4AFDC4006C6EC5 /* Info.plist */ = {isa = PBXFileReference; lastKnownFileType = text.plist.xml; name = Info.plist; path = "TokenizerTest App/Supporting Files/Info.plist"; sourceTree = SOURCE_ROOT; };
		26C312B82B4B02FB006C6EC5 /* UINib+Extension.swift */ = {isa = PBXFileReference; lastKnownFileType = sourcecode.swift; path = "UINib+Extension.swift"; sourceTree = "<group>"; };
		26C312BA2B4B038F006C6EC5 /* TokenizerViewModel.swift */ = {isa = PBXFileReference; lastKnownFileType = sourcecode.swift; path = TokenizerViewModel.swift; sourceTree = "<group>"; };
		26C312BD2B4B03E7006C6EC5 /* BaseViewController.swift */ = {isa = PBXFileReference; lastKnownFileType = sourcecode.swift; path = BaseViewController.swift; sourceTree = "<group>"; };
		26C312BF2B4B03FF006C6EC5 /* BaseViewModel.swift */ = {isa = PBXFileReference; lastKnownFileType = sourcecode.swift; path = BaseViewModel.swift; sourceTree = "<group>"; };
		26C312C22B4B09E5006C6EC5 /* ReactiveTextField.swift */ = {isa = PBXFileReference; lastKnownFileType = sourcecode.swift; path = ReactiveTextField.swift; sourceTree = "<group>"; };
/* End PBXFileReference section */

/* Begin PBXFrameworksBuildPhase section */
		26C312932B4AFDC3006C6EC5 /* Frameworks */ = {
			isa = PBXFrameworksBuildPhase;
			buildActionMask = 2147483647;
			files = (
			);
			runOnlyForDeploymentPostprocessing = 0;
		};
/* End PBXFrameworksBuildPhase section */

/* Begin PBXGroup section */
		26C3128D2B4AFDC3006C6EC5 = {
			isa = PBXGroup;
			children = (
				26C312982B4AFDC3006C6EC5 /* TokenizerTest App */,
				26C312972B4AFDC3006C6EC5 /* Products */,
			);
			sourceTree = "<group>";
		};
		26C312972B4AFDC3006C6EC5 /* Products */ = {
			isa = PBXGroup;
			children = (
				26C312962B4AFDC3006C6EC5 /* TokenizerTest App.app */,
			);
			name = Products;
			sourceTree = "<group>";
		};
		26C312982B4AFDC3006C6EC5 /* TokenizerTest App */ = {
			isa = PBXGroup;
			children = (
				26C312AD2B4AFF1E006C6EC5 /* Application Delegates */,
				26C312B62B4B02BA006C6EC5 /* Commun */,
				26C312AE2B4AFF43006C6EC5 /* Modules */,
				26C312B22B4AFFA3006C6EC5 /* Protocols */,
				26C312B32B4AFFBC006C6EC5 /* Ressources */,
				26C312AF2B4AFF51006C6EC5 /* Supporting Files */,
			);
			path = "TokenizerTest App";
			sourceTree = "<group>";
		};
		26C312AD2B4AFF1E006C6EC5 /* Application Delegates */ = {
			isa = PBXGroup;
			children = (
				26C312992B4AFDC3006C6EC5 /* AppDelegate.swift */,
				26C3129B2B4AFDC3006C6EC5 /* SceneDelegate.swift */,
			);
			path = "Application Delegates";
			sourceTree = "<group>";
		};
		26C312AE2B4AFF43006C6EC5 /* Modules */ = {
			isa = PBXGroup;
			children = (
				26C312B12B4AFF85006C6EC5 /* Main */,
				26C312B02B4AFF7B006C6EC5 /* LunchScreen */,
			);
			path = Modules;
			sourceTree = "<group>";
		};
		26C312AF2B4AFF51006C6EC5 /* Supporting Files */ = {
			isa = PBXGroup;
			children = (
				26C312A72B4AFDC4006C6EC5 /* Info.plist */,
			);
			path = "Supporting Files";
			sourceTree = "<group>";
		};
		26C312B02B4AFF7B006C6EC5 /* LunchScreen */ = {
			isa = PBXGroup;
			children = (
				26C312A42B4AFDC4006C6EC5 /* LaunchScreen.storyboard */,
			);
			path = LunchScreen;
			sourceTree = "<group>";
		};
		26C312B12B4AFF85006C6EC5 /* Main */ = {
			isa = PBXGroup;
			children = (
				26C3129F2B4AFDC3006C6EC5 /* Main.storyboard */,
				26C312B42B4B0037006C6EC5 /* Tokenizer  */,
			);
			path = Main;
			sourceTree = "<group>";
		};
		26C312B22B4AFFA3006C6EC5 /* Protocols */ = {
			isa = PBXGroup;
			children = (
			);
			path = Protocols;
			sourceTree = "<group>";
		};
		26C312B32B4AFFBC006C6EC5 /* Ressources */ = {
			isa = PBXGroup;
			children = (
				26C312A22B4AFDC4006C6EC5 /* Assets.xcassets */,
			);
			path = Ressources;
			sourceTree = "<group>";
		};
		26C312B42B4B0037006C6EC5 /* Tokenizer  */ = {
			isa = PBXGroup;
			children = (
				26C3129D2B4AFDC3006C6EC5 /* TokenizerViewController.swift */,
				26C312BA2B4B038F006C6EC5 /* TokenizerViewModel.swift */,
			);
			path = "Tokenizer ";
			sourceTree = "<group>";
		};
		26C312B62B4B02BA006C6EC5 /* Commun */ = {
			isa = PBXGroup;
			children = (
				26C312C12B4B09CE006C6EC5 /* Custom Elements */,
				26C312BC2B4B03D2006C6EC5 /* Base Elements */,
				26C312B72B4B02CA006C6EC5 /* Extensions */,
			);
			path = Commun;
			sourceTree = "<group>";
		};
		26C312B72B4B02CA006C6EC5 /* Extensions */ = {
			isa = PBXGroup;
			children = (
				26C312B82B4B02FB006C6EC5 /* UINib+Extension.swift */,
			);
			path = Extensions;
			sourceTree = "<group>";
		};
		26C312BC2B4B03D2006C6EC5 /* Base Elements */ = {
			isa = PBXGroup;
			children = (
				26C312BD2B4B03E7006C6EC5 /* BaseViewController.swift */,
				26C312BF2B4B03FF006C6EC5 /* BaseViewModel.swift */,
			);
			path = "Base Elements";
			sourceTree = "<group>";
		};
		26C312C12B4B09CE006C6EC5 /* Custom Elements */ = {
			isa = PBXGroup;
			children = (
				26C312C22B4B09E5006C6EC5 /* ReactiveTextField.swift */,
			);
			path = "Custom Elements";
			sourceTree = "<group>";
		};
/* End PBXGroup section */

/* Begin PBXNativeTarget section */
		26C312952B4AFDC3006C6EC5 /* TokenizerTest App */ = {
			isa = PBXNativeTarget;
			buildConfigurationList = 26C312AA2B4AFDC4006C6EC5 /* Build configuration list for PBXNativeTarget "TokenizerTest App" */;
			buildPhases = (
				26C312922B4AFDC3006C6EC5 /* Sources */,
				26C312932B4AFDC3006C6EC5 /* Frameworks */,
				26C312942B4AFDC3006C6EC5 /* Resources */,
			);
			buildRules = (
			);
			dependencies = (
			);
			name = "TokenizerTest App";
			productName = "TokenizerTest App";
			productReference = 26C312962B4AFDC3006C6EC5 /* TokenizerTest App.app */;
			productType = "com.apple.product-type.application";
		};
/* End PBXNativeTarget section */

/* Begin PBXProject section */
		26C3128E2B4AFDC3006C6EC5 /* Project object */ = {
			isa = PBXProject;
			attributes = {
				BuildIndependentTargetsInParallel = 1;
				LastSwiftUpdateCheck = 1500;
				LastUpgradeCheck = 1500;
				TargetAttributes = {
					26C312952B4AFDC3006C6EC5 = {
						CreatedOnToolsVersion = 15.0.1;
					};
				};
			};
			buildConfigurationList = 26C312912B4AFDC3006C6EC5 /* Build configuration list for PBXProject "TokenizerTest App" */;
			compatibilityVersion = "Xcode 14.0";
			developmentRegion = en;
			hasScannedForEncodings = 0;
			knownRegions = (
				en,
				Base,
			);
			mainGroup = 26C3128D2B4AFDC3006C6EC5;
			productRefGroup = 26C312972B4AFDC3006C6EC5 /* Products */;
			projectDirPath = "";
			projectRoot = "";
			targets = (
				26C312952B4AFDC3006C6EC5 /* TokenizerTest App */,
			);
		};
/* End PBXProject section */

/* Begin PBXResourcesBuildPhase section */
		26C312942B4AFDC3006C6EC5 /* Resources */ = {
			isa = PBXResourcesBuildPhase;
			buildActionMask = 2147483647;
			files = (
				26C312A62B4AFDC4006C6EC5 /* LaunchScreen.storyboard in Resources */,
				26C312A32B4AFDC4006C6EC5 /* Assets.xcassets in Resources */,
				26C312A12B4AFDC3006C6EC5 /* Main.storyboard in Resources */,
			);
			runOnlyForDeploymentPostprocessing = 0;
		};
/* End PBXResourcesBuildPhase section */

/* Begin PBXSourcesBuildPhase section */
		26C312922B4AFDC3006C6EC5 /* Sources */ = {
			isa = PBXSourcesBuildPhase;
			buildActionMask = 2147483647;
			files = (
				26C3129E2B4AFDC3006C6EC5 /* TokenizerViewController.swift in Sources */,
				26C3129A2B4AFDC3006C6EC5 /* AppDelegate.swift in Sources */,
				26C312BB2B4B038F006C6EC5 /* TokenizerViewModel.swift in Sources */,
				26C312C02B4B03FF006C6EC5 /* BaseViewModel.swift in Sources */,
				26C3129C2B4AFDC3006C6EC5 /* SceneDelegate.swift in Sources */,
				26C312B92B4B02FB006C6EC5 /* UINib+Extension.swift in Sources */,
				26C312C32B4B09E5006C6EC5 /* ReactiveTextField.swift in Sources */,
				26C312BE2B4B03E7006C6EC5 /* BaseViewController.swift in Sources */,
			);
			runOnlyForDeploymentPostprocessing = 0;
		};
/* End PBXSourcesBuildPhase section */

/* Begin PBXVariantGroup section */
		26C3129F2B4AFDC3006C6EC5 /* Main.storyboard */ = {
			isa = PBXVariantGroup;
			children = (
				26C312A02B4AFDC3006C6EC5 /* Base */,
			);
			name = Main.storyboard;
			sourceTree = "<group>";
		};
		26C312A42B4AFDC4006C6EC5 /* LaunchScreen.storyboard */ = {
			isa = PBXVariantGroup;
			children = (
				26C312A52B4AFDC4006C6EC5 /* Base */,
			);
			name = LaunchScreen.storyboard;
			sourceTree = "<group>";
		};
/* End PBXVariantGroup section */

/* Begin XCBuildConfiguration section */
		26C312A82B4AFDC4006C6EC5 /* Debug */ = {
			isa = XCBuildConfiguration;
			buildSettings = {
				ALWAYS_SEARCH_USER_PATHS = NO;
				ASSETCATALOG_COMPILER_GENERATE_SWIFT_ASSET_SYMBOL_EXTENSIONS = YES;
				CLANG_ANALYZER_NONNULL = YES;
				CLANG_ANALYZER_NUMBER_OBJECT_CONVERSION = YES_AGGRESSIVE;
				CLANG_CXX_LANGUAGE_STANDARD = "gnu++20";
				CLANG_ENABLE_MODULES = YES;
				CLANG_ENABLE_OBJC_ARC = YES;
				CLANG_ENABLE_OBJC_WEAK = YES;
				CLANG_WARN_BLOCK_CAPTURE_AUTORELEASING = YES;
				CLANG_WARN_BOOL_CONVERSION = YES;
				CLANG_WARN_COMMA = YES;
				CLANG_WARN_CONSTANT_CONVERSION = YES;
				CLANG_WARN_DEPRECATED_OBJC_IMPLEMENTATIONS = YES;
				CLANG_WARN_DIRECT_OBJC_ISA_USAGE = YES_ERROR;
				CLANG_WARN_DOCUMENTATION_COMMENTS = YES;
				CLANG_WARN_EMPTY_BODY = YES;
				CLANG_WARN_ENUM_CONVERSION = YES;
				CLANG_WARN_INFINITE_RECURSION = YES;
				CLANG_WARN_INT_CONVERSION = YES;
				CLANG_WARN_NON_LITERAL_NULL_CONVERSION = YES;
				CLANG_WARN_OBJC_IMPLICIT_RETAIN_SELF = YES;
				CLANG_WARN_OBJC_LITERAL_CONVERSION = YES;
				CLANG_WARN_OBJC_ROOT_CLASS = YES_ERROR;
				CLANG_WARN_QUOTED_INCLUDE_IN_FRAMEWORK_HEADER = YES;
				CLANG_WARN_RANGE_LOOP_ANALYSIS = YES;
				CLANG_WARN_STRICT_PROTOTYPES = YES;
				CLANG_WARN_SUSPICIOUS_MOVE = YES;
				CLANG_WARN_UNGUARDED_AVAILABILITY = YES_AGGRESSIVE;
				CLANG_WARN_UNREACHABLE_CODE = YES;
				CLANG_WARN__DUPLICATE_METHOD_MATCH = YES;
				COPY_PHASE_STRIP = NO;
				DEBUG_INFORMATION_FORMAT = dwarf;
				ENABLE_STRICT_OBJC_MSGSEND = YES;
				ENABLE_TESTABILITY = YES;
				ENABLE_USER_SCRIPT_SANDBOXING = YES;
				GCC_C_LANGUAGE_STANDARD = gnu17;
				GCC_DYNAMIC_NO_PIC = NO;
				GCC_NO_COMMON_BLOCKS = YES;
				GCC_OPTIMIZATION_LEVEL = 0;
				GCC_PREPROCESSOR_DEFINITIONS = (
					"DEBUG=1",
					"$(inherited)",
				);
				GCC_WARN_64_TO_32_BIT_CONVERSION = YES;
				GCC_WARN_ABOUT_RETURN_TYPE = YES_ERROR;
				GCC_WARN_UNDECLARED_SELECTOR = YES;
				GCC_WARN_UNINITIALIZED_AUTOS = YES_AGGRESSIVE;
				GCC_WARN_UNUSED_FUNCTION = YES;
				GCC_WARN_UNUSED_VARIABLE = YES;
				IPHONEOS_DEPLOYMENT_TARGET = 17.0;
				LOCALIZATION_PREFERS_STRING_CATALOGS = YES;
				MTL_ENABLE_DEBUG_INFO = INCLUDE_SOURCE;
				MTL_FAST_MATH = YES;
				ONLY_ACTIVE_ARCH = YES;
				SDKROOT = iphoneos;
				SWIFT_ACTIVE_COMPILATION_CONDITIONS = "DEBUG $(inherited)";
				SWIFT_OPTIMIZATION_LEVEL = "-Onone";
			};
			name = Debug;
		};
		26C312A92B4AFDC4006C6EC5 /* Release */ = {
			isa = XCBuildConfiguration;
			buildSettings = {
				ALWAYS_SEARCH_USER_PATHS = NO;
				ASSETCATALOG_COMPILER_GENERATE_SWIFT_ASSET_SYMBOL_EXTENSIONS = YES;
				CLANG_ANALYZER_NONNULL = YES;
				CLANG_ANALYZER_NUMBER_OBJECT_CONVERSION = YES_AGGRESSIVE;
				CLANG_CXX_LANGUAGE_STANDARD = "gnu++20";
				CLANG_ENABLE_MODULES = YES;
				CLANG_ENABLE_OBJC_ARC = YES;
				CLANG_ENABLE_OBJC_WEAK = YES;
				CLANG_WARN_BLOCK_CAPTURE_AUTORELEASING = YES;
				CLANG_WARN_BOOL_CONVERSION = YES;
				CLANG_WARN_COMMA = YES;
				CLANG_WARN_CONSTANT_CONVERSION = YES;
				CLANG_WARN_DEPRECATED_OBJC_IMPLEMENTATIONS = YES;
				CLANG_WARN_DIRECT_OBJC_ISA_USAGE = YES_ERROR;
				CLANG_WARN_DOCUMENTATION_COMMENTS = YES;
				CLANG_WARN_EMPTY_BODY = YES;
				CLANG_WARN_ENUM_CONVERSION = YES;
				CLANG_WARN_INFINITE_RECURSION = YES;
				CLANG_WARN_INT_CONVERSION = YES;
				CLANG_WARN_NON_LITERAL_NULL_CONVERSION = YES;
				CLANG_WARN_OBJC_IMPLICIT_RETAIN_SELF = YES;
				CLANG_WARN_OBJC_LITERAL_CONVERSION = YES;
				CLANG_WARN_OBJC_ROOT_CLASS = YES_ERROR;
				CLANG_WARN_QUOTED_INCLUDE_IN_FRAMEWORK_HEADER = YES;
				CLANG_WARN_RANGE_LOOP_ANALYSIS = YES;
				CLANG_WARN_STRICT_PROTOTYPES = YES;
				CLANG_WARN_SUSPICIOUS_MOVE = YES;
				CLANG_WARN_UNGUARDED_AVAILABILITY = YES_AGGRESSIVE;
				CLANG_WARN_UNREACHABLE_CODE = YES;
				CLANG_WARN__DUPLICATE_METHOD_MATCH = YES;
				COPY_PHASE_STRIP = NO;
				DEBUG_INFORMATION_FORMAT = "dwarf-with-dsym";
				ENABLE_NS_ASSERTIONS = NO;
				ENABLE_STRICT_OBJC_MSGSEND = YES;
				ENABLE_USER_SCRIPT_SANDBOXING = YES;
				GCC_C_LANGUAGE_STANDARD = gnu17;
				GCC_NO_COMMON_BLOCKS = YES;
				GCC_WARN_64_TO_32_BIT_CONVERSION = YES;
				GCC_WARN_ABOUT_RETURN_TYPE = YES_ERROR;
				GCC_WARN_UNDECLARED_SELECTOR = YES;
				GCC_WARN_UNINITIALIZED_AUTOS = YES_AGGRESSIVE;
				GCC_WARN_UNUSED_FUNCTION = YES;
				GCC_WARN_UNUSED_VARIABLE = YES;
				IPHONEOS_DEPLOYMENT_TARGET = 17.0;
				LOCALIZATION_PREFERS_STRING_CATALOGS = YES;
				MTL_ENABLE_DEBUG_INFO = NO;
				MTL_FAST_MATH = YES;
				SDKROOT = iphoneos;
				SWIFT_COMPILATION_MODE = wholemodule;
				VALIDATE_PRODUCT = YES;
			};
			name = Release;
		};
		26C312AB2B4AFDC4006C6EC5 /* Debug */ = {
			isa = XCBuildConfiguration;
			buildSettings = {
				ASSETCATALOG_COMPILER_APPICON_NAME = AppIcon;
				ASSETCATALOG_COMPILER_GLOBAL_ACCENT_COLOR_NAME = AccentColor;
				CODE_SIGN_STYLE = Automatic;
				CURRENT_PROJECT_VERSION = 1;
				DEVELOPMENT_TEAM = ZAW223X9V8;
				GENERATE_INFOPLIST_FILE = YES;
				INFOPLIST_FILE = "TokenizerTest App/Supporting Files/Info.plist";
				INFOPLIST_KEY_UIApplicationSupportsIndirectInputEvents = YES;
				INFOPLIST_KEY_UILaunchStoryboardName = LaunchScreen;
				INFOPLIST_KEY_UIMainStoryboardFile = Main;
				INFOPLIST_KEY_UISupportedInterfaceOrientations_iPad = "UIInterfaceOrientationPortrait UIInterfaceOrientationPortraitUpsideDown UIInterfaceOrientationLandscapeLeft UIInterfaceOrientationLandscapeRight";
				INFOPLIST_KEY_UISupportedInterfaceOrientations_iPhone = "UIInterfaceOrientationPortrait UIInterfaceOrientationLandscapeLeft UIInterfaceOrientationLandscapeRight";
				IPHONEOS_DEPLOYMENT_TARGET = 15.0;
				LD_RUNPATH_SEARCH_PATHS = (
					"$(inherited)",
					"@executable_path/Frameworks",
				);
				MARKETING_VERSION = 1.0;
				PRODUCT_BUNDLE_IDENTIFIER = "com.noureddine.test.TokenizerTest-App";
				PRODUCT_NAME = "$(TARGET_NAME)";
				SWIFT_EMIT_LOC_STRINGS = YES;
				SWIFT_VERSION = 5.0;
				TARGETED_DEVICE_FAMILY = "1,2";
			};
			name = Debug;
		};
		26C312AC2B4AFDC4006C6EC5 /* Release */ = {
			isa = XCBuildConfiguration;
			buildSettings = {
				ASSETCATALOG_COMPILER_APPICON_NAME = AppIcon;
				ASSETCATALOG_COMPILER_GLOBAL_ACCENT_COLOR_NAME = AccentColor;
				CODE_SIGN_STYLE = Automatic;
				CURRENT_PROJECT_VERSION = 1;
				DEVELOPMENT_TEAM = ZAW223X9V8;
				GENERATE_INFOPLIST_FILE = YES;
				INFOPLIST_FILE = "TokenizerTest App/Supporting Files/Info.plist";
				INFOPLIST_KEY_UIApplicationSupportsIndirectInputEvents = YES;
				INFOPLIST_KEY_UILaunchStoryboardName = LaunchScreen;
				INFOPLIST_KEY_UIMainStoryboardFile = Main;
				INFOPLIST_KEY_UISupportedInterfaceOrientations_iPad = "UIInterfaceOrientationPortrait UIInterfaceOrientationPortraitUpsideDown UIInterfaceOrientationLandscapeLeft UIInterfaceOrientationLandscapeRight";
				INFOPLIST_KEY_UISupportedInterfaceOrientations_iPhone = "UIInterfaceOrientationPortrait UIInterfaceOrientationLandscapeLeft UIInterfaceOrientationLandscapeRight";
				IPHONEOS_DEPLOYMENT_TARGET = 15.0;
				LD_RUNPATH_SEARCH_PATHS = (
					"$(inherited)",
					"@executable_path/Frameworks",
				);
				MARKETING_VERSION = 1.0;
				PRODUCT_BUNDLE_IDENTIFIER = "com.noureddine.test.TokenizerTest-App";
				PRODUCT_NAME = "$(TARGET_NAME)";
				SWIFT_EMIT_LOC_STRINGS = YES;
				SWIFT_VERSION = 5.0;
				TARGETED_DEVICE_FAMILY = "1,2";
			};
			name = Release;
		};
/* End XCBuildConfiguration section */

/* Begin XCConfigurationList section */
		26C312912B4AFDC3006C6EC5 /* Build configuration list for PBXProject "TokenizerTest App" */ = {
			isa = XCConfigurationList;
			buildConfigurations = (
				26C312A82B4AFDC4006C6EC5 /* Debug */,
				26C312A92B4AFDC4006C6EC5 /* Release */,
			);
			defaultConfigurationIsVisible = 0;
			defaultConfigurationName = Release;
		};
		26C312AA2B4AFDC4006C6EC5 /* Build configuration list for PBXNativeTarget "TokenizerTest App" */ = {
			isa = XCConfigurationList;
			buildConfigurations = (
				26C312AB2B4AFDC4006C6EC5 /* Debug */,
				26C312AC2B4AFDC4006C6EC5 /* Release */,
			);
			defaultConfigurationIsVisible = 0;
			defaultConfigurationName = Release;
		};
/* End XCConfigurationList section */
	};
	rootObject = 26C3128E2B4AFDC3006C6EC5 /* Project object */;
}
